
Microsoft Visual Studio Solution File, Format Version 12.00
# Visual Studio Version 17
VisualStudioVersion = 17.1.32414.318
MinimumVisualStudioVersion = 10.0.40219.1
Project("{9A19103F-16F7-4668-BE54-9A1E7A4F7556}") = "HW_10", "HW_10.csproj", "{FAF7F9C1-B36F-4543-971A-536DCA10B167}"
EndProject
Global
	GlobalSection(SolutionConfigurationPlatforms) = preSolution
		Debug|Any CPU = Debug|Any CPU
		Release|Any CPU = Release|Any CPU
	EndGlobalSection
	GlobalSection(ProjectConfigurationPlatforms) = postSolution
		{FAF7F9C1-B36F-4543-971A-536DCA10B167}.Debug|Any CPU.ActiveCfg = Debug|Any CPU
		{FAF7F9C1-B36F-4543-971A-536DCA10B167}.Debug|Any CPU.Build.0 = Debug|Any CPU
		{FAF7F9C1-B36F-4543-971A-536DCA10B167}.Release|Any CPU.ActiveCfg = Release|Any CPU
		{FAF7F9C1-B36F-4543-971A-536DCA10B167}.Release|Any CPU.Build.0 = Release|Any CPU
	EndGlobalSection
	GlobalSection(SolutionProperties) = preSolution
		HideSolutionNode = FALSE
	EndGlobalSection
	GlobalSection(ExtensibilityGlobals) = postSolution
		SolutionGuid = {1EAB835B-F7EF-4E6B-A0F2-2254867F7800}
	EndGlobalSection
EndGlobal
